
Microsoft Visual Studio Solution File, Format Version 12.00
# Visual Studio Version 16
VisualStudioVersion = 16.0.32106.194
MinimumVisualStudioVersion = 10.0.40219.1
Project("{FAE04EC0-301F-11D3-BF4B-00C04F79EFBC}") = "APIFilim", "APIFilim\APIFilim.csproj", "{0F0D073F-A0B0-47C0-AAC6-3EFBF9C6CCDF}"
EndProject
Global
	GlobalSection(SolutionConfigurationPlatforms) = preSolution
		Debug|Any CPU = Debug|Any CPU
		Release|Any CPU = Release|Any CPU
	EndGlobalSection
	GlobalSection(ProjectConfigurationPlatforms) = postSolution
		{0F0D073F-A0B0-47C0-AAC6-3EFBF9C6CCDF}.Debug|Any CPU.ActiveCfg = Debug|Any CPU
		{0F0D073F-A0B0-47C0-AAC6-3EFBF9C6CCDF}.Debug|Any CPU.Build.0 = Debug|Any CPU
		{0F0D073F-A0B0-47C0-AAC6-3EFBF9C6CCDF}.Release|Any CPU.ActiveCfg = Release|Any CPU
		{0F0D073F-A0B0-47C0-AAC6-3EFBF9C6CCDF}.Release|Any CPU.Build.0 = Release|Any CPU
	EndGlobalSection
	GlobalSection(SolutionProperties) = preSolution
		HideSolutionNode = FALSE
	EndGlobalSection
	GlobalSection(ExtensibilityGlobals) = postSolution
		SolutionGuid = {2EB4CCDE-1FC4-45D5-9385-68EA951491A5}
	EndGlobalSection
EndGlobal
